// !$*UTF8*$!
{
	archiveVersion = 1;
	classes = {
	};
	objectVersion = 46;
	objects = {

/* Begin PBXBuildFile section */
		8F133BF91670F4B500097E46 /* AlbumContentsTableViewCell.m in Sources */ = {isa = PBXBuildFile; fileRef = 8F133BF71670F4B400097E46 /* AlbumContentsTableViewCell.m */; };
		8F133BFA1670F4B500097E46 /* AlbumContentsTableViewCell.xib in Resources */ = {isa = PBXBuildFile; fileRef = 8F133BF81670F4B400097E46 /* AlbumContentsTableViewCell.xib */; };
		8F133BFD1670F4D400097E46 /* ThumbnailImageView.m in Sources */ = {isa = PBXBuildFile; fileRef = 8F133BFC1670F4D400097E46 /* ThumbnailImageView.m */; };
		8F6D60651672A0360082E047 /* Overlay.png in Resources */ = {isa = PBXBuildFile; fileRef = 8F6D60631672A0360082E047 /* Overlay.png */; };
		8F6D60661672A0360082E047 /* Overlay@2x.png in Resources */ = {isa = PBXBuildFile; fileRef = 8F6D60641672A0360082E047 /* Overlay@2x.png */; };
		8F6D606F1672FE370082E047 /* README.md in Resources */ = {isa = PBXBuildFile; fileRef = 8F6D60681672FE370082E047 /* README.md */; };
		8F6D60701672FE370082E047 /* RIButtonItem.m in Sources */ = {isa = PBXBuildFile; fileRef = 8F6D606A1672FE370082E047 /* RIButtonItem.m */; };
		8F6D60711672FE370082E047 /* UIActionSheet+Blocks.m in Sources */ = {isa = PBXBuildFile; fileRef = 8F6D606C1672FE370082E047 /* UIActionSheet+Blocks.m */; settings = {COMPILER_FLAGS = "-fobjc-arc"; }; };
		8F6D60721672FE370082E047 /* UIAlertView+Blocks.m in Sources */ = {isa = PBXBuildFile; fileRef = 8F6D606E1672FE370082E047 /* UIAlertView+Blocks.m */; settings = {COMPILER_FLAGS = "-fobjc-arc"; }; };
		8F6D607B167371590082E047 /* Icon@2x.png in Resources */ = {isa = PBXBuildFile; fileRef = 8F6D607A167371580082E047 /* Icon@2x.png */; };
		8F6D607D1673741D0082E047 /* CoreLocation.framework in Frameworks */ = {isa = PBXBuildFile; fileRef = 8F6D607C1673741D0082E047 /* CoreLocation.framework */; };
		8F88CF37166FE7EC0074721C /* EGOPhotoViewController.m in Sources */ = {isa = PBXBuildFile; fileRef = 8F88CF17166FE7EC0074721C /* EGOPhotoViewController.m */; };
		8F88CF38166FE7EC0074721C /* EGOQuickPhoto.m in Sources */ = {isa = PBXBuildFile; fileRef = 8F88CF1E166FE7EC0074721C /* EGOQuickPhoto.m */; };
		8F88CF39166FE7EC0074721C /* EGOQuickPhotoSource.m in Sources */ = {isa = PBXBuildFile; fileRef = 8F88CF20166FE7EC0074721C /* EGOQuickPhotoSource.m */; };
		8F88CF3A166FE7EC0074721C /* egopv_error_placeholder.png in Resources */ = {isa = PBXBuildFile; fileRef = 8F88CF22166FE7EC0074721C /* egopv_error_placeholder.png */; };
		8F88CF3B166FE7EC0074721C /* egopv_error_placeholder@2x.png in Resources */ = {isa = PBXBuildFile; fileRef = 8F88CF23166FE7EC0074721C /* egopv_error_placeholder@2x.png */; };
		8F88CF3C166FE7EC0074721C /* egopv_fullscreen_button.png in Resources */ = {isa = PBXBuildFile; fileRef = 8F88CF24166FE7EC0074721C /* egopv_fullscreen_button.png */; };
		8F88CF3D166FE7EC0074721C /* egopv_fullscreen_button@2x.png in Resources */ = {isa = PBXBuildFile; fileRef = 8F88CF25166FE7EC0074721C /* egopv_fullscreen_button@2x.png */; };
		8F88CF3E166FE7EC0074721C /* egopv_left.png in Resources */ = {isa = PBXBuildFile; fileRef = 8F88CF26166FE7EC0074721C /* egopv_left.png */; };
		8F88CF3F166FE7EC0074721C /* egopv_left@2x.png in Resources */ = {isa = PBXBuildFile; fileRef = 8F88CF27166FE7EC0074721C /* egopv_left@2x.png */; };
		8F88CF40166FE7EC0074721C /* egopv_minimize_fullscreen_button.png in Resources */ = {isa = PBXBuildFile; fileRef = 8F88CF28166FE7EC0074721C /* egopv_minimize_fullscreen_button.png */; };
		8F88CF41166FE7EC0074721C /* egopv_photo_placeholder.png in Resources */ = {isa = PBXBuildFile; fileRef = 8F88CF29166FE7EC0074721C /* egopv_photo_placeholder.png */; };
		8F88CF42166FE7EC0074721C /* egopv_photo_placeholder@2x.png in Resources */ = {isa = PBXBuildFile; fileRef = 8F88CF2A166FE7EC0074721C /* egopv_photo_placeholder@2x.png */; };
		8F88CF43166FE7EC0074721C /* egopv_right.png in Resources */ = {isa = PBXBuildFile; fileRef = 8F88CF2B166FE7EC0074721C /* egopv_right.png */; };
		8F88CF44166FE7EC0074721C /* egopv_right@2x.png in Resources */ = {isa = PBXBuildFile; fileRef = 8F88CF2C166FE7EC0074721C /* egopv_right@2x.png */; };
		8F88CF45166FE7EC0074721C /* EGOPhotoCaptionView.m in Sources */ = {isa = PBXBuildFile; fileRef = 8F88CF30166FE7EC0074721C /* EGOPhotoCaptionView.m */; };
		8F88CF46166FE7EC0074721C /* EGOPhotoImageView.m in Sources */ = {isa = PBXBuildFile; fileRef = 8F88CF33166FE7EC0074721C /* EGOPhotoImageView.m */; };
		8F88CF47166FE7EC0074721C /* EGOPhotoScrollView.m in Sources */ = {isa = PBXBuildFile; fileRef = 8F88CF36166FE7EC0074721C /* EGOPhotoScrollView.m */; };
		8F88CF50166FE80B0074721C /* EGOCache.m in Sources */ = {isa = PBXBuildFile; fileRef = 8F88CF4A166FE80B0074721C /* EGOCache.m */; };
		8F88CF51166FE80B0074721C /* EGOImageLoadConnection.m in Sources */ = {isa = PBXBuildFile; fileRef = 8F88CF4D166FE80B0074721C /* EGOImageLoadConnection.m */; };
		8F88CF52166FE80B0074721C /* EGOImageLoader.m in Sources */ = {isa = PBXBuildFile; fileRef = 8F88CF4F166FE80B0074721C /* EGOImageLoader.m */; };
		8F88CF54166FE83D0074721C /* AssetsLibrary.framework in Frameworks */ = {isa = PBXBuildFile; fileRef = 8F88CF53166FE83D0074721C /* AssetsLibrary.framework */; };
		8F88CF56166FE8710074721C /* QuartzCore.framework in Frameworks */ = {isa = PBXBuildFile; fileRef = 8F88CF55166FE8710074721C /* QuartzCore.framework */; };
		8F88CF58166FE8910074721C /* MessageUI.framework in Frameworks */ = {isa = PBXBuildFile; fileRef = 8F88CF57166FE8910074721C /* MessageUI.framework */; };
		8F8E64CE1693A8800004F1CC /* AFAmazonS3Client.m in Sources */ = {isa = PBXBuildFile; fileRef = 8F8E64CB1693A8800004F1CC /* AFAmazonS3Client.m */; };
		8F8E64CF1693A8800004F1CC /* LICENSE in Resources */ = {isa = PBXBuildFile; fileRef = 8F8E64CC1693A8800004F1CC /* LICENSE */; };
		8F8E64D01693A8800004F1CC /* README.md in Resources */ = {isa = PBXBuildFile; fileRef = 8F8E64CD1693A8800004F1CC /* README.md */; };
		8F8E64D7169404A40004F1CC /* ACLocalPhotoManager.m in Sources */ = {isa = PBXBuildFile; fileRef = 8F8E64D6169404A40004F1CC /* ACLocalPhotoManager.m */; };
		8F8E64DB1694F8DA0004F1CC /* ACAlbumSelectorViewController.m in Sources */ = {isa = PBXBuildFile; fileRef = 8F8E64DA1694F8D90004F1CC /* ACAlbumSelectorViewController.m */; };
		8F8E64DE169512760004F1CC /* ACRootViewController.m in Sources */ = {isa = PBXBuildFile; fileRef = 8F8E64DD169512750004F1CC /* ACRootViewController.m */; };
		8F8E64E1169518710004F1CC /* ACAlliecamPhotoManager.m in Sources */ = {isa = PBXBuildFile; fileRef = 8F8E64E0169518700004F1CC /* ACAlliecamPhotoManager.m */; };
		8F8E64E8169528B00004F1CC /* ACAlliecamAlbum.m in Sources */ = {isa = PBXBuildFile; fileRef = 8F8E64E7169528AF0004F1CC /* ACAlliecamAlbum.m */; };
		8F8E64EB169528C40004F1CC /* ACAlliecamPhoto.m in Sources */ = {isa = PBXBuildFile; fileRef = 8F8E64EA169528C40004F1CC /* ACAlliecamPhoto.m */; };
		8FCE5FCA168862D500051EB0 /* AFHTTPClient.m in Sources */ = {isa = PBXBuildFile; fileRef = 8FCE5FB8168862D500051EB0 /* AFHTTPClient.m */; settings = {COMPILER_FLAGS = "-fobjc-arc"; }; };
		8FCE5FCB168862D500051EB0 /* AFHTTPRequestOperation.m in Sources */ = {isa = PBXBuildFile; fileRef = 8FCE5FBA168862D500051EB0 /* AFHTTPRequestOperation.m */; settings = {COMPILER_FLAGS = "-fobjc-arc"; }; };
		8FCE5FCC168862D500051EB0 /* AFImageRequestOperation.m in Sources */ = {isa = PBXBuildFile; fileRef = 8FCE5FBC168862D500051EB0 /* AFImageRequestOperation.m */; settings = {COMPILER_FLAGS = "-fobjc-arc"; }; };
		8FCE5FCD168862D500051EB0 /* AFJSONRequestOperation.m in Sources */ = {isa = PBXBuildFile; fileRef = 8FCE5FBE168862D500051EB0 /* AFJSONRequestOperation.m */; settings = {COMPILER_FLAGS = "-fobjc-arc"; }; };
		8FCE5FCE168862D500051EB0 /* AFNetworkActivityIndicatorManager.m in Sources */ = {isa = PBXBuildFile; fileRef = 8FCE5FC0168862D500051EB0 /* AFNetworkActivityIndicatorManager.m */; settings = {COMPILER_FLAGS = "-fobjc-arc"; }; };
		8FCE5FCF168862D500051EB0 /* AFPropertyListRequestOperation.m in Sources */ = {isa = PBXBuildFile; fileRef = 8FCE5FC3168862D500051EB0 /* AFPropertyListRequestOperation.m */; settings = {COMPILER_FLAGS = "-fobjc-arc"; }; };
		8FCE5FD0168862D500051EB0 /* AFURLConnectionOperation.m in Sources */ = {isa = PBXBuildFile; fileRef = 8FCE5FC5168862D500051EB0 /* AFURLConnectionOperation.m */; settings = {COMPILER_FLAGS = "-fobjc-arc"; }; };
		8FCE5FD1168862D500051EB0 /* AFXMLRequestOperation.m in Sources */ = {isa = PBXBuildFile; fileRef = 8FCE5FC7168862D500051EB0 /* AFXMLRequestOperation.m */; settings = {COMPILER_FLAGS = "-fobjc-arc"; }; };
		8FCE5FD2168862D500051EB0 /* UIImageView+AFNetworking.m in Sources */ = {isa = PBXBuildFile; fileRef = 8FCE5FC9168862D500051EB0 /* UIImageView+AFNetworking.m */; settings = {COMPILER_FLAGS = "-fobjc-arc"; }; };
		8FDCF908168A9A8700D90BEB /* ACLocalAlbum.m in Sources */ = {isa = PBXBuildFile; fileRef = 8FDCF904168A9A8700D90BEB /* ACLocalAlbum.m */; };
		8FDCF90D168A9EF400D90BEB /* ACLocalPhoto.m in Sources */ = {isa = PBXBuildFile; fileRef = 8FDCF90C168A9EF400D90BEB /* ACLocalPhoto.m */; };
		8FE2F84F167686E30012DBFB /* ACLabelledProgressViewController.m in Sources */ = {isa = PBXBuildFile; fileRef = 8FE2F84D167686E30012DBFB /* ACLabelledProgressViewController.m */; };
		8FE2F850167686E30012DBFB /* ACLabelledProgressViewController.xib in Resources */ = {isa = PBXBuildFile; fileRef = 8FE2F84E167686E30012DBFB /* ACLabelledProgressViewController.xib */; };
		8FE72F31166F586200B82831 /* UIKit.framework in Frameworks */ = {isa = PBXBuildFile; fileRef = 8FE72F30166F586200B82831 /* UIKit.framework */; };
		8FE72F33166F586200B82831 /* Foundation.framework in Frameworks */ = {isa = PBXBuildFile; fileRef = 8FE72F32166F586200B82831 /* Foundation.framework */; };
		8FE72F35166F586200B82831 /* CoreGraphics.framework in Frameworks */ = {isa = PBXBuildFile; fileRef = 8FE72F34166F586200B82831 /* CoreGraphics.framework */; };
		8FE72F3B166F586200B82831 /* InfoPlist.strings in Resources */ = {isa = PBXBuildFile; fileRef = 8FE72F39166F586200B82831 /* InfoPlist.strings */; };
		8FE72F3D166F586200B82831 /* main.m in Sources */ = {isa = PBXBuildFile; fileRef = 8FE72F3C166F586200B82831 /* main.m */; };
		8FE72F41166F586200B82831 /* ACAppDelegate.m in Sources */ = {isa = PBXBuildFile; fileRef = 8FE72F40166F586200B82831 /* ACAppDelegate.m */; };
		8FE72F43166F586200B82831 /* Default.png in Resources */ = {isa = PBXBuildFile; fileRef = 8FE72F42166F586200B82831 /* Default.png */; };
		8FE72F47166F586200B82831 /* Default-568h@2x.png in Resources */ = {isa = PBXBuildFile; fileRef = 8FE72F46166F586200B82831 /* Default-568h@2x.png */; };
		8FE72F4A166F586200B82831 /* ACAlbumViewController.m in Sources */ = {isa = PBXBuildFile; fileRef = 8FE72F49166F586200B82831 /* ACAlbumViewController.m */; };
		8FE72F50166F586300B82831 /* ACAlbumViewController.xib in Resources */ = {isa = PBXBuildFile; fileRef = 8FE72F4E166F586300B82831 /* ACAlbumViewController.xib */; };
		8FE72F5A166F588300B82831 /* AWSiOSSDK.framework in Frameworks */ = {isa = PBXBuildFile; fileRef = 8FE72F59166F588300B82831 /* AWSiOSSDK.framework */; };
		8FE72F5C166F58BA00B82831 /* Default@2x.png in Resources */ = {isa = PBXBuildFile; fileRef = 8FE72F5B166F58BA00B82831 /* Default@2x.png */; };
/* End PBXBuildFile section */

/* Begin PBXFileReference section */
		8F133BF61670F4B400097E46 /* AlbumContentsTableViewCell.h */ = {isa = PBXFileReference; fileEncoding = 4; lastKnownFileType = sourcecode.c.h; path = AlbumContentsTableViewCell.h; sourceTree = "<group>"; };
		8F133BF71670F4B400097E46 /* AlbumContentsTableViewCell.m */ = {isa = PBXFileReference; fileEncoding = 4; lastKnownFileType = sourcecode.c.objc; path = AlbumContentsTableViewCell.m; sourceTree = "<group>"; };
		8F133BF81670F4B400097E46 /* AlbumContentsTableViewCell.xib */ = {isa = PBXFileReference; fileEncoding = 4; lastKnownFileType = file.xib; path = AlbumContentsTableViewCell.xib; sourceTree = "<group>"; };
		8F133BFB1670F4D400097E46 /* ThumbnailImageView.h */ = {isa = PBXFileReference; fileEncoding = 4; lastKnownFileType = sourcecode.c.h; path = ThumbnailImageView.h; sourceTree = "<group>"; };
		8F133BFC1670F4D400097E46 /* ThumbnailImageView.m */ = {isa = PBXFileReference; fileEncoding = 4; lastKnownFileType = sourcecode.c.objc; path = ThumbnailImageView.m; sourceTree = "<group>"; };
		8F6D60631672A0360082E047 /* Overlay.png */ = {isa = PBXFileReference; lastKnownFileType = image.png; path = Overlay.png; sourceTree = "<group>"; };
		8F6D60641672A0360082E047 /* Overlay@2x.png */ = {isa = PBXFileReference; lastKnownFileType = image.png; path = "Overlay@2x.png"; sourceTree = "<group>"; };
		8F6D60681672FE370082E047 /* README.md */ = {isa = PBXFileReference; fileEncoding = 4; lastKnownFileType = text; path = README.md; sourceTree = "<group>"; };
		8F6D60691672FE370082E047 /* RIButtonItem.h */ = {isa = PBXFileReference; fileEncoding = 4; lastKnownFileType = sourcecode.c.h; path = RIButtonItem.h; sourceTree = "<group>"; };
		8F6D606A1672FE370082E047 /* RIButtonItem.m */ = {isa = PBXFileReference; fileEncoding = 4; lastKnownFileType = sourcecode.c.objc; path = RIButtonItem.m; sourceTree = "<group>"; };
		8F6D606B1672FE370082E047 /* UIActionSheet+Blocks.h */ = {isa = PBXFileReference; fileEncoding = 4; lastKnownFileType = sourcecode.c.h; path = "UIActionSheet+Blocks.h"; sourceTree = "<group>"; };
		8F6D606C1672FE370082E047 /* UIActionSheet+Blocks.m */ = {isa = PBXFileReference; fileEncoding = 4; lastKnownFileType = sourcecode.c.objc; path = "UIActionSheet+Blocks.m"; sourceTree = "<group>"; };
		8F6D606D1672FE370082E047 /* UIAlertView+Blocks.h */ = {isa = PBXFileReference; fileEncoding = 4; lastKnownFileType = sourcecode.c.h; path = "UIAlertView+Blocks.h"; sourceTree = "<group>"; };
		8F6D606E1672FE370082E047 /* UIAlertView+Blocks.m */ = {isa = PBXFileReference; fileEncoding = 4; lastKnownFileType = sourcecode.c.objc; path = "UIAlertView+Blocks.m"; sourceTree = "<group>"; };
		8F6D607A167371580082E047 /* Icon@2x.png */ = {isa = PBXFileReference; lastKnownFileType = image.png; path = "Icon@2x.png"; sourceTree = "<group>"; };
		8F6D607C1673741D0082E047 /* CoreLocation.framework */ = {isa = PBXFileReference; lastKnownFileType = wrapper.framework; name = CoreLocation.framework; path = System/Library/Frameworks/CoreLocation.framework; sourceTree = SDKROOT; };
		8F88CF16166FE7EC0074721C /* EGOPhotoViewController.h */ = {isa = PBXFileReference; fileEncoding = 4; lastKnownFileType = sourcecode.c.h; path = EGOPhotoViewController.h; sourceTree = "<group>"; };
		8F88CF17166FE7EC0074721C /* EGOPhotoViewController.m */ = {isa = PBXFileReference; fileEncoding = 4; lastKnownFileType = sourcecode.c.objc; path = EGOPhotoViewController.m; sourceTree = "<group>"; };
		8F88CF18166FE7EC0074721C /* EGOPhotoGlobal.h */ = {isa = PBXFileReference; fileEncoding = 4; lastKnownFileType = sourcecode.c.h; path = EGOPhotoGlobal.h; sourceTree = "<group>"; };
		8F88CF1B166FE7EC0074721C /* EGOPhotoSource.h */ = {isa = PBXFileReference; fileEncoding = 4; lastKnownFileType = sourcecode.c.h; path = EGOPhotoSource.h; sourceTree = "<group>"; };
		8F88CF1D166FE7EC0074721C /* EGOQuickPhoto.h */ = {isa = PBXFileReference; fileEncoding = 4; lastKnownFileType = sourcecode.c.h; path = EGOQuickPhoto.h; sourceTree = "<group>"; };
		8F88CF1E166FE7EC0074721C /* EGOQuickPhoto.m */ = {isa = PBXFileReference; fileEncoding = 4; lastKnownFileType = sourcecode.c.objc; path = EGOQuickPhoto.m; sourceTree = "<group>"; };
		8F88CF1F166FE7EC0074721C /* EGOQuickPhotoSource.h */ = {isa = PBXFileReference; fileEncoding = 4; lastKnownFileType = sourcecode.c.h; path = EGOQuickPhotoSource.h; sourceTree = "<group>"; };
		8F88CF20166FE7EC0074721C /* EGOQuickPhotoSource.m */ = {isa = PBXFileReference; fileEncoding = 4; lastKnownFileType = sourcecode.c.objc; path = EGOQuickPhotoSource.m; sourceTree = "<group>"; };
		8F88CF22166FE7EC0074721C /* egopv_error_placeholder.png */ = {isa = PBXFileReference; lastKnownFileType = image.png; path = egopv_error_placeholder.png; sourceTree = "<group>"; };
		8F88CF23166FE7EC0074721C /* egopv_error_placeholder@2x.png */ = {isa = PBXFileReference; lastKnownFileType = image.png; path = "egopv_error_placeholder@2x.png"; sourceTree = "<group>"; };
		8F88CF24166FE7EC0074721C /* egopv_fullscreen_button.png */ = {isa = PBXFileReference; lastKnownFileType = image.png; path = egopv_fullscreen_button.png; sourceTree = "<group>"; };
		8F88CF25166FE7EC0074721C /* egopv_fullscreen_button@2x.png */ = {isa = PBXFileReference; lastKnownFileType = image.png; path = "egopv_fullscreen_button@2x.png"; sourceTree = "<group>"; };
		8F88CF26166FE7EC0074721C /* egopv_left.png */ = {isa = PBXFileReference; lastKnownFileType = image.png; path = egopv_left.png; sourceTree = "<group>"; };
		8F88CF27166FE7EC0074721C /* egopv_left@2x.png */ = {isa = PBXFileReference; lastKnownFileType = image.png; path = "egopv_left@2x.png"; sourceTree = "<group>"; };
		8F88CF28166FE7EC0074721C /* egopv_minimize_fullscreen_button.png */ = {isa = PBXFileReference; lastKnownFileType = image.png; path = egopv_minimize_fullscreen_button.png; sourceTree = "<group>"; };
		8F88CF29166FE7EC0074721C /* egopv_photo_placeholder.png */ = {isa = PBXFileReference; lastKnownFileType = image.png; path = egopv_photo_placeholder.png; sourceTree = "<group>"; };
		8F88CF2A166FE7EC0074721C /* egopv_photo_placeholder@2x.png */ = {isa = PBXFileReference; lastKnownFileType = image.png; path = "egopv_photo_placeholder@2x.png"; sourceTree = "<group>"; };
		8F88CF2B166FE7EC0074721C /* egopv_right.png */ = {isa = PBXFileReference; lastKnownFileType = image.png; path = egopv_right.png; sourceTree = "<group>"; };
		8F88CF2C166FE7EC0074721C /* egopv_right@2x.png */ = {isa = PBXFileReference; lastKnownFileType = image.png; path = "egopv_right@2x.png"; sourceTree = "<group>"; };
		8F88CF2F166FE7EC0074721C /* EGOPhotoCaptionView.h */ = {isa = PBXFileReference; fileEncoding = 4; lastKnownFileType = sourcecode.c.h; path = EGOPhotoCaptionView.h; sourceTree = "<group>"; };
		8F88CF30166FE7EC0074721C /* EGOPhotoCaptionView.m */ = {isa = PBXFileReference; fileEncoding = 4; lastKnownFileType = sourcecode.c.objc; path = EGOPhotoCaptionView.m; sourceTree = "<group>"; };
		8F88CF32166FE7EC0074721C /* EGOPhotoImageView.h */ = {isa = PBXFileReference; fileEncoding = 4; lastKnownFileType = sourcecode.c.h; path = EGOPhotoImageView.h; sourceTree = "<group>"; };
		8F88CF33166FE7EC0074721C /* EGOPhotoImageView.m */ = {isa = PBXFileReference; fileEncoding = 4; lastKnownFileType = sourcecode.c.objc; path = EGOPhotoImageView.m; sourceTree = "<group>"; };
		8F88CF35166FE7EC0074721C /* EGOPhotoScrollView.h */ = {isa = PBXFileReference; fileEncoding = 4; lastKnownFileType = sourcecode.c.h; path = EGOPhotoScrollView.h; sourceTree = "<group>"; };
		8F88CF36166FE7EC0074721C /* EGOPhotoScrollView.m */ = {isa = PBXFileReference; fileEncoding = 4; lastKnownFileType = sourcecode.c.objc; path = EGOPhotoScrollView.m; sourceTree = "<group>"; };
		8F88CF49166FE80B0074721C /* EGOCache.h */ = {isa = PBXFileReference; fileEncoding = 4; lastKnownFileType = sourcecode.c.h; path = EGOCache.h; sourceTree = "<group>"; };
		8F88CF4A166FE80B0074721C /* EGOCache.m */ = {isa = PBXFileReference; fileEncoding = 4; lastKnownFileType = sourcecode.c.objc; path = EGOCache.m; sourceTree = "<group>"; };
		8F88CF4C166FE80B0074721C /* EGOImageLoadConnection.h */ = {isa = PBXFileReference; fileEncoding = 4; lastKnownFileType = sourcecode.c.h; path = EGOImageLoadConnection.h; sourceTree = "<group>"; };
		8F88CF4D166FE80B0074721C /* EGOImageLoadConnection.m */ = {isa = PBXFileReference; fileEncoding = 4; lastKnownFileType = sourcecode.c.objc; path = EGOImageLoadConnection.m; sourceTree = "<group>"; };
		8F88CF4E166FE80B0074721C /* EGOImageLoader.h */ = {isa = PBXFileReference; fileEncoding = 4; lastKnownFileType = sourcecode.c.h; path = EGOImageLoader.h; sourceTree = "<group>"; };
		8F88CF4F166FE80B0074721C /* EGOImageLoader.m */ = {isa = PBXFileReference; fileEncoding = 4; lastKnownFileType = sourcecode.c.objc; path = EGOImageLoader.m; sourceTree = "<group>"; };
		8F88CF53166FE83D0074721C /* AssetsLibrary.framework */ = {isa = PBXFileReference; lastKnownFileType = wrapper.framework; name = AssetsLibrary.framework; path = System/Library/Frameworks/AssetsLibrary.framework; sourceTree = SDKROOT; };
		8F88CF55166FE8710074721C /* QuartzCore.framework */ = {isa = PBXFileReference; lastKnownFileType = wrapper.framework; name = QuartzCore.framework; path = System/Library/Frameworks/QuartzCore.framework; sourceTree = SDKROOT; };
		8F88CF57166FE8910074721C /* MessageUI.framework */ = {isa = PBXFileReference; lastKnownFileType = wrapper.framework; name = MessageUI.framework; path = System/Library/Frameworks/MessageUI.framework; sourceTree = SDKROOT; };
		8F8E64CA1693A8800004F1CC /* AFAmazonS3Client.h */ = {isa = PBXFileReference; fileEncoding = 4; lastKnownFileType = sourcecode.c.h; path = AFAmazonS3Client.h; sourceTree = "<group>"; };
		8F8E64CB1693A8800004F1CC /* AFAmazonS3Client.m */ = {isa = PBXFileReference; fileEncoding = 4; lastKnownFileType = sourcecode.c.objc; path = AFAmazonS3Client.m; sourceTree = "<group>"; };
		8F8E64CC1693A8800004F1CC /* LICENSE */ = {isa = PBXFileReference; fileEncoding = 4; lastKnownFileType = text; path = LICENSE; sourceTree = "<group>"; };
		8F8E64CD1693A8800004F1CC /* README.md */ = {isa = PBXFileReference; fileEncoding = 4; lastKnownFileType = text; path = README.md; sourceTree = "<group>"; };
		8F8E64D4169400B30004F1CC /* ACPhotoManager.h */ = {isa = PBXFileReference; lastKnownFileType = sourcecode.c.h; path = ACPhotoManager.h; sourceTree = "<group>"; };
		8F8E64D5169404A40004F1CC /* ACLocalPhotoManager.h */ = {isa = PBXFileReference; fileEncoding = 4; lastKnownFileType = sourcecode.c.h; path = ACLocalPhotoManager.h; sourceTree = "<group>"; };
		8F8E64D6169404A40004F1CC /* ACLocalPhotoManager.m */ = {isa = PBXFileReference; fileEncoding = 4; lastKnownFileType = sourcecode.c.objc; path = ACLocalPhotoManager.m; sourceTree = "<group>"; };
		8F8E64D8169417E10004F1CC /* ACPhoto.h */ = {isa = PBXFileReference; lastKnownFileType = sourcecode.c.h; path = ACPhoto.h; sourceTree = "<group>"; };
		8F8E64D91694F8D90004F1CC /* ACAlbumSelectorViewController.h */ = {isa = PBXFileReference; fileEncoding = 4; lastKnownFileType = sourcecode.c.h; path = ACAlbumSelectorViewController.h; sourceTree = "<group>"; };
		8F8E64DA1694F8D90004F1CC /* ACAlbumSelectorViewController.m */ = {isa = PBXFileReference; fileEncoding = 4; lastKnownFileType = sourcecode.c.objc; path = ACAlbumSelectorViewController.m; sourceTree = "<group>"; };
		8F8E64DC169512750004F1CC /* ACRootViewController.h */ = {isa = PBXFileReference; fileEncoding = 4; lastKnownFileType = sourcecode.c.h; path = ACRootViewController.h; sourceTree = "<group>"; };
		8F8E64DD169512750004F1CC /* ACRootViewController.m */ = {isa = PBXFileReference; fileEncoding = 4; lastKnownFileType = sourcecode.c.objc; path = ACRootViewController.m; sourceTree = "<group>"; };
		8F8E64DF169518700004F1CC /* ACAlliecamPhotoManager.h */ = {isa = PBXFileReference; fileEncoding = 4; lastKnownFileType = sourcecode.c.h; path = ACAlliecamPhotoManager.h; sourceTree = "<group>"; };
		8F8E64E0169518700004F1CC /* ACAlliecamPhotoManager.m */ = {isa = PBXFileReference; fileEncoding = 4; lastKnownFileType = sourcecode.c.objc; path = ACAlliecamPhotoManager.m; sourceTree = "<group>"; };
		8F8E64E6169528AF0004F1CC /* ACAlliecamAlbum.h */ = {isa = PBXFileReference; fileEncoding = 4; lastKnownFileType = sourcecode.c.h; path = ACAlliecamAlbum.h; sourceTree = "<group>"; };
		8F8E64E7169528AF0004F1CC /* ACAlliecamAlbum.m */ = {isa = PBXFileReference; fileEncoding = 4; lastKnownFileType = sourcecode.c.objc; path = ACAlliecamAlbum.m; sourceTree = "<group>"; };
		8F8E64E9169528C30004F1CC /* ACAlliecamPhoto.h */ = {isa = PBXFileReference; fileEncoding = 4; lastKnownFileType = sourcecode.c.h; path = ACAlliecamPhoto.h; sourceTree = "<group>"; };
		8F8E64EA169528C40004F1CC /* ACAlliecamPhoto.m */ = {isa = PBXFileReference; fileEncoding = 4; lastKnownFileType = sourcecode.c.objc; path = ACAlliecamPhoto.m; sourceTree = "<group>"; };
		8FCE5FB7168862D400051EB0 /* AFHTTPClient.h */ = {isa = PBXFileReference; fileEncoding = 4; lastKnownFileType = sourcecode.c.h; path = AFHTTPClient.h; sourceTree = "<group>"; };
		8FCE5FB8168862D500051EB0 /* AFHTTPClient.m */ = {isa = PBXFileReference; fileEncoding = 4; lastKnownFileType = sourcecode.c.objc; path = AFHTTPClient.m; sourceTree = "<group>"; };
		8FCE5FB9168862D500051EB0 /* AFHTTPRequestOperation.h */ = {isa = PBXFileReference; fileEncoding = 4; lastKnownFileType = sourcecode.c.h; path = AFHTTPRequestOperation.h; sourceTree = "<group>"; };
		8FCE5FBA168862D500051EB0 /* AFHTTPRequestOperation.m */ = {isa = PBXFileReference; fileEncoding = 4; lastKnownFileType = sourcecode.c.objc; path = AFHTTPRequestOperation.m; sourceTree = "<group>"; };
		8FCE5FBB168862D500051EB0 /* AFImageRequestOperation.h */ = {isa = PBXFileReference; fileEncoding = 4; lastKnownFileType = sourcecode.c.h; path = AFImageRequestOperation.h; sourceTree = "<group>"; };
		8FCE5FBC168862D500051EB0 /* AFImageRequestOperation.m */ = {isa = PBXFileReference; fileEncoding = 4; lastKnownFileType = sourcecode.c.objc; path = AFImageRequestOperation.m; sourceTree = "<group>"; };
		8FCE5FBD168862D500051EB0 /* AFJSONRequestOperation.h */ = {isa = PBXFileReference; fileEncoding = 4; lastKnownFileType = sourcecode.c.h; path = AFJSONRequestOperation.h; sourceTree = "<group>"; };
		8FCE5FBE168862D500051EB0 /* AFJSONRequestOperation.m */ = {isa = PBXFileReference; fileEncoding = 4; lastKnownFileType = sourcecode.c.objc; path = AFJSONRequestOperation.m; sourceTree = "<group>"; };
		8FCE5FBF168862D500051EB0 /* AFNetworkActivityIndicatorManager.h */ = {isa = PBXFileReference; fileEncoding = 4; lastKnownFileType = sourcecode.c.h; path = AFNetworkActivityIndicatorManager.h; sourceTree = "<group>"; };
		8FCE5FC0168862D500051EB0 /* AFNetworkActivityIndicatorManager.m */ = {isa = PBXFileReference; fileEncoding = 4; lastKnownFileType = sourcecode.c.objc; path = AFNetworkActivityIndicatorManager.m; sourceTree = "<group>"; };
		8FCE5FC1168862D500051EB0 /* AFNetworking.h */ = {isa = PBXFileReference; fileEncoding = 4; lastKnownFileType = sourcecode.c.h; path = AFNetworking.h; sourceTree = "<group>"; };
		8FCE5FC2168862D500051EB0 /* AFPropertyListRequestOperation.h */ = {isa = PBXFileReference; fileEncoding = 4; lastKnownFileType = sourcecode.c.h; path = AFPropertyListRequestOperation.h; sourceTree = "<group>"; };
		8FCE5FC3168862D500051EB0 /* AFPropertyListRequestOperation.m */ = {isa = PBXFileReference; fileEncoding = 4; lastKnownFileType = sourcecode.c.objc; path = AFPropertyListRequestOperation.m; sourceTree = "<group>"; };
		8FCE5FC4168862D500051EB0 /* AFURLConnectionOperation.h */ = {isa = PBXFileReference; fileEncoding = 4; lastKnownFileType = sourcecode.c.h; path = AFURLConnectionOperation.h; sourceTree = "<group>"; };
		8FCE5FC5168862D500051EB0 /* AFURLConnectionOperation.m */ = {isa = PBXFileReference; fileEncoding = 4; lastKnownFileType = sourcecode.c.objc; path = AFURLConnectionOperation.m; sourceTree = "<group>"; };
		8FCE5FC6168862D500051EB0 /* AFXMLRequestOperation.h */ = {isa = PBXFileReference; fileEncoding = 4; lastKnownFileType = sourcecode.c.h; path = AFXMLRequestOperation.h; sourceTree = "<group>"; };
		8FCE5FC7168862D500051EB0 /* AFXMLRequestOperation.m */ = {isa = PBXFileReference; fileEncoding = 4; lastKnownFileType = sourcecode.c.objc; path = AFXMLRequestOperation.m; sourceTree = "<group>"; };
		8FCE5FC8168862D500051EB0 /* UIImageView+AFNetworking.h */ = {isa = PBXFileReference; fileEncoding = 4; lastKnownFileType = sourcecode.c.h; path = "UIImageView+AFNetworking.h"; sourceTree = "<group>"; };
		8FCE5FC9168862D500051EB0 /* UIImageView+AFNetworking.m */ = {isa = PBXFileReference; fileEncoding = 4; lastKnownFileType = sourcecode.c.objc; path = "UIImageView+AFNetworking.m"; sourceTree = "<group>"; };
		8FDCF902168A9A8700D90BEB /* ACAlbum.h */ = {isa = PBXFileReference; fileEncoding = 4; lastKnownFileType = sourcecode.c.h; path = ACAlbum.h; sourceTree = "<group>"; };
		8FDCF903168A9A8700D90BEB /* ACLocalAlbum.h */ = {isa = PBXFileReference; fileEncoding = 4; lastKnownFileType = sourcecode.c.h; path = ACLocalAlbum.h; sourceTree = "<group>"; };
		8FDCF904168A9A8700D90BEB /* ACLocalAlbum.m */ = {isa = PBXFileReference; fileEncoding = 4; lastKnownFileType = sourcecode.c.objc; path = ACLocalAlbum.m; sourceTree = "<group>"; };
		8FDCF90B168A9EF400D90BEB /* ACLocalPhoto.h */ = {isa = PBXFileReference; fileEncoding = 4; lastKnownFileType = sourcecode.c.h; path = ACLocalPhoto.h; sourceTree = "<group>"; };
		8FDCF90C168A9EF400D90BEB /* ACLocalPhoto.m */ = {isa = PBXFileReference; fileEncoding = 4; lastKnownFileType = sourcecode.c.objc; path = ACLocalPhoto.m; sourceTree = "<group>"; };
		8FE2F84C167686E30012DBFB /* ACLabelledProgressViewController.h */ = {isa = PBXFileReference; fileEncoding = 4; lastKnownFileType = sourcecode.c.h; path = ACLabelledProgressViewController.h; sourceTree = "<group>"; };
		8FE2F84D167686E30012DBFB /* ACLabelledProgressViewController.m */ = {isa = PBXFileReference; fileEncoding = 4; lastKnownFileType = sourcecode.c.objc; path = ACLabelledProgressViewController.m; sourceTree = "<group>"; };
		8FE2F84E167686E30012DBFB /* ACLabelledProgressViewController.xib */ = {isa = PBXFileReference; fileEncoding = 4; lastKnownFileType = file.xib; path = ACLabelledProgressViewController.xib; sourceTree = "<group>"; };
		8FE2F8521676A0E30012DBFB /* AllieCam.h */ = {isa = PBXFileReference; lastKnownFileType = sourcecode.c.h; path = AllieCam.h; sourceTree = "<group>"; };
		8FE72F2C166F586200B82831 /* AllieCam.app */ = {isa = PBXFileReference; explicitFileType = wrapper.application; includeInIndex = 0; path = AllieCam.app; sourceTree = BUILT_PRODUCTS_DIR; };
		8FE72F30166F586200B82831 /* UIKit.framework */ = {isa = PBXFileReference; lastKnownFileType = wrapper.framework; name = UIKit.framework; path = System/Library/Frameworks/UIKit.framework; sourceTree = SDKROOT; };
		8FE72F32166F586200B82831 /* Foundation.framework */ = {isa = PBXFileReference; lastKnownFileType = wrapper.framework; name = Foundation.framework; path = System/Library/Frameworks/Foundation.framework; sourceTree = SDKROOT; };
		8FE72F34166F586200B82831 /* CoreGraphics.framework */ = {isa = PBXFileReference; lastKnownFileType = wrapper.framework; name = CoreGraphics.framework; path = System/Library/Frameworks/CoreGraphics.framework; sourceTree = SDKROOT; };
		8FE72F38166F586200B82831 /* AllieCam-Info.plist */ = {isa = PBXFileReference; lastKnownFileType = text.plist.xml; path = "AllieCam-Info.plist"; sourceTree = "<group>"; };
		8FE72F3A166F586200B82831 /* en */ = {isa = PBXFileReference; lastKnownFileType = text.plist.strings; name = en; path = en.lproj/InfoPlist.strings; sourceTree = "<group>"; };
		8FE72F3C166F586200B82831 /* main.m */ = {isa = PBXFileReference; lastKnownFileType = sourcecode.c.objc; path = main.m; sourceTree = "<group>"; };
		8FE72F3E166F586200B82831 /* AllieCam-Prefix.pch */ = {isa = PBXFileReference; lastKnownFileType = sourcecode.c.h; path = "AllieCam-Prefix.pch"; sourceTree = "<group>"; };
		8FE72F3F166F586200B82831 /* ACAppDelegate.h */ = {isa = PBXFileReference; lastKnownFileType = sourcecode.c.h; path = ACAppDelegate.h; sourceTree = "<group>"; };
		8FE72F40166F586200B82831 /* ACAppDelegate.m */ = {isa = PBXFileReference; lastKnownFileType = sourcecode.c.objc; path = ACAppDelegate.m; sourceTree = "<group>"; };
		8FE72F42166F586200B82831 /* Default.png */ = {isa = PBXFileReference; lastKnownFileType = image.png; path = Default.png; sourceTree = "<group>"; };
		8FE72F46166F586200B82831 /* Default-568h@2x.png */ = {isa = PBXFileReference; lastKnownFileType = image.png; path = "Default-568h@2x.png"; sourceTree = "<group>"; };
		8FE72F48166F586200B82831 /* ACAlbumViewController.h */ = {isa = PBXFileReference; lastKnownFileType = sourcecode.c.h; path = ACAlbumViewController.h; sourceTree = "<group>"; };
		8FE72F49166F586200B82831 /* ACAlbumViewController.m */ = {isa = PBXFileReference; lastKnownFileType = sourcecode.c.objc; path = ACAlbumViewController.m; sourceTree = "<group>"; };
		8FE72F4F166F586300B82831 /* en */ = {isa = PBXFileReference; lastKnownFileType = file.xib; name = en; path = en.lproj/ACAlbumViewController.xib; sourceTree = "<group>"; };
		8FE72F59166F588300B82831 /* AWSiOSSDK.framework */ = {isa = PBXFileReference; lastKnownFileType = wrapper.framework; name = AWSiOSSDK.framework; path = "../aws-ios-sdk-1.4.4/AWSiOSSDK.framework"; sourceTree = "<group>"; };
		8FE72F5B166F58BA00B82831 /* Default@2x.png */ = {isa = PBXFileReference; lastKnownFileType = image.png; path = "Default@2x.png"; sourceTree = "<group>"; };
		8FE72F5D166F591400B82831 /* UIImage+fixOrientation.h */ = {isa = PBXFileReference; lastKnownFileType = sourcecode.c.h; path = "UIImage+fixOrientation.h"; sourceTree = "<group>"; };
		8FE72F5E166F591400B82831 /* UIImage+fixOrientation.m */ = {isa = PBXFileReference; lastKnownFileType = sourcecode.c.objc; path = "UIImage+fixOrientation.m"; sourceTree = "<group>"; };
/* End PBXFileReference section */

/* Begin PBXFrameworksBuildPhase section */
		8FE72F29166F586200B82831 /* Frameworks */ = {
			isa = PBXFrameworksBuildPhase;
			buildActionMask = 2147483647;
			files = (
				8F6D607D1673741D0082E047 /* CoreLocation.framework in Frameworks */,
				8F88CF58166FE8910074721C /* MessageUI.framework in Frameworks */,
				8F88CF56166FE8710074721C /* QuartzCore.framework in Frameworks */,
				8F88CF54166FE83D0074721C /* AssetsLibrary.framework in Frameworks */,
				8FE72F31166F586200B82831 /* UIKit.framework in Frameworks */,
				8FE72F33166F586200B82831 /* Foundation.framework in Frameworks */,
				8FE72F35166F586200B82831 /* CoreGraphics.framework in Frameworks */,
				8FE72F5A166F588300B82831 /* AWSiOSSDK.framework in Frameworks */,
			);
			runOnlyForDeploymentPostprocessing = 0;
		};
/* End PBXFrameworksBuildPhase section */

/* Begin PBXGroup section */
		8F6D60671672FE370082E047 /* UIAlertView-Blocks-master */ = {
			isa = PBXGroup;
			children = (
				8F6D60681672FE370082E047 /* README.md */,
				8F6D60691672FE370082E047 /* RIButtonItem.h */,
				8F6D606A1672FE370082E047 /* RIButtonItem.m */,
				8F6D606B1672FE370082E047 /* UIActionSheet+Blocks.h */,
				8F6D606C1672FE370082E047 /* UIActionSheet+Blocks.m */,
				8F6D606D1672FE370082E047 /* UIAlertView+Blocks.h */,
				8F6D606E1672FE370082E047 /* UIAlertView+Blocks.m */,
			);
			name = "UIAlertView-Blocks-master";
			path = "../../UIAlertView-Blocks-master";
			sourceTree = "<group>";
		};
		8F6D60731672FE3F0082E047 /* EGO */ = {
			isa = PBXGroup;
			children = (
				8F88CF48166FE80B0074721C /* EGOCache */,
				8F88CF4B166FE80B0074721C /* EGOImageLoader */,
				8F88CF13166FE7EC0074721C /* EGOPhotoViewer */,
			);
			name = EGO;
			sourceTree = "<group>";
		};
		8F88CF13166FE7EC0074721C /* EGOPhotoViewer */ = {
			isa = PBXGroup;
			children = (
				8F88CF14166FE7EC0074721C /* Controller */,
				8F88CF18166FE7EC0074721C /* EGOPhotoGlobal.h */,
				8F88CF19166FE7EC0074721C /* Model */,
				8F88CF21166FE7EC0074721C /* Resources */,
				8F88CF2D166FE7EC0074721C /* Views */,
			);
			name = EGOPhotoViewer;
			path = "../../PhotoViewer-master/EGOPhotoViewer";
			sourceTree = "<group>";
		};
		8F88CF14166FE7EC0074721C /* Controller */ = {
			isa = PBXGroup;
			children = (
				8F88CF15166FE7EC0074721C /* EGOPhotoViewController */,
			);
			path = Controller;
			sourceTree = "<group>";
		};
		8F88CF15166FE7EC0074721C /* EGOPhotoViewController */ = {
			isa = PBXGroup;
			children = (
				8F88CF16166FE7EC0074721C /* EGOPhotoViewController.h */,
				8F88CF17166FE7EC0074721C /* EGOPhotoViewController.m */,
			);
			path = EGOPhotoViewController;
			sourceTree = "<group>";
		};
		8F88CF19166FE7EC0074721C /* Model */ = {
			isa = PBXGroup;
			children = (
				8F88CF1A166FE7EC0074721C /* EGOPhotoSource */,
				8F88CF1C166FE7EC0074721C /* EGOQuickPhoto */,
			);
			path = Model;
			sourceTree = "<group>";
		};
		8F88CF1A166FE7EC0074721C /* EGOPhotoSource */ = {
			isa = PBXGroup;
			children = (
				8F88CF1B166FE7EC0074721C /* EGOPhotoSource.h */,
			);
			path = EGOPhotoSource;
			sourceTree = "<group>";
		};
		8F88CF1C166FE7EC0074721C /* EGOQuickPhoto */ = {
			isa = PBXGroup;
			children = (
				8F88CF1D166FE7EC0074721C /* EGOQuickPhoto.h */,
				8F88CF1E166FE7EC0074721C /* EGOQuickPhoto.m */,
				8F88CF1F166FE7EC0074721C /* EGOQuickPhotoSource.h */,
				8F88CF20166FE7EC0074721C /* EGOQuickPhotoSource.m */,
			);
			path = EGOQuickPhoto;
			sourceTree = "<group>";
		};
		8F88CF21166FE7EC0074721C /* Resources */ = {
			isa = PBXGroup;
			children = (
				8F88CF22166FE7EC0074721C /* egopv_error_placeholder.png */,
				8F88CF23166FE7EC0074721C /* egopv_error_placeholder@2x.png */,
				8F88CF24166FE7EC0074721C /* egopv_fullscreen_button.png */,
				8F88CF25166FE7EC0074721C /* egopv_fullscreen_button@2x.png */,
				8F88CF26166FE7EC0074721C /* egopv_left.png */,
				8F88CF27166FE7EC0074721C /* egopv_left@2x.png */,
				8F88CF28166FE7EC0074721C /* egopv_minimize_fullscreen_button.png */,
				8F88CF29166FE7EC0074721C /* egopv_photo_placeholder.png */,
				8F88CF2A166FE7EC0074721C /* egopv_photo_placeholder@2x.png */,
				8F88CF2B166FE7EC0074721C /* egopv_right.png */,
				8F88CF2C166FE7EC0074721C /* egopv_right@2x.png */,
			);
			path = Resources;
			sourceTree = "<group>";
		};
		8F88CF2D166FE7EC0074721C /* Views */ = {
			isa = PBXGroup;
			children = (
				8F88CF2E166FE7EC0074721C /* EGOPhotoCaptionView */,
				8F88CF31166FE7EC0074721C /* EGOPhotoImageView */,
				8F88CF34166FE7EC0074721C /* EGOPhotoScrollView */,
			);
			path = Views;
			sourceTree = "<group>";
		};
		8F88CF2E166FE7EC0074721C /* EGOPhotoCaptionView */ = {
			isa = PBXGroup;
			children = (
				8F88CF2F166FE7EC0074721C /* EGOPhotoCaptionView.h */,
				8F88CF30166FE7EC0074721C /* EGOPhotoCaptionView.m */,
			);
			path = EGOPhotoCaptionView;
			sourceTree = "<group>";
		};
		8F88CF31166FE7EC0074721C /* EGOPhotoImageView */ = {
			isa = PBXGroup;
			children = (
				8F88CF32166FE7EC0074721C /* EGOPhotoImageView.h */,
				8F88CF33166FE7EC0074721C /* EGOPhotoImageView.m */,
			);
			path = EGOPhotoImageView;
			sourceTree = "<group>";
		};
		8F88CF34166FE7EC0074721C /* EGOPhotoScrollView */ = {
			isa = PBXGroup;
			children = (
				8F88CF35166FE7EC0074721C /* EGOPhotoScrollView.h */,
				8F88CF36166FE7EC0074721C /* EGOPhotoScrollView.m */,
			);
			path = EGOPhotoScrollView;
			sourceTree = "<group>";
		};
		8F88CF48166FE80B0074721C /* EGOCache */ = {
			isa = PBXGroup;
			children = (
				8F88CF49166FE80B0074721C /* EGOCache.h */,
				8F88CF4A166FE80B0074721C /* EGOCache.m */,
			);
			name = EGOCache;
			path = "../../PhotoViewer-master/EGOCache";
			sourceTree = "<group>";
		};
		8F88CF4B166FE80B0074721C /* EGOImageLoader */ = {
			isa = PBXGroup;
			children = (
				8F88CF4C166FE80B0074721C /* EGOImageLoadConnection.h */,
				8F88CF4D166FE80B0074721C /* EGOImageLoadConnection.m */,
				8F88CF4E166FE80B0074721C /* EGOImageLoader.h */,
				8F88CF4F166FE80B0074721C /* EGOImageLoader.m */,
			);
			name = EGOImageLoader;
			path = "../../PhotoViewer-master/EGOImageLoader";
			sourceTree = "<group>";
		};
		8F8E64C91693A8800004F1CC /* AFAmazonS3Client */ = {
			isa = PBXGroup;
			children = (
				8F8E64CA1693A8800004F1CC /* AFAmazonS3Client.h */,
				8F8E64CB1693A8800004F1CC /* AFAmazonS3Client.m */,
				8F8E64CC1693A8800004F1CC /* LICENSE */,
				8F8E64CD1693A8800004F1CC /* README.md */,
			);
			name = AFAmazonS3Client;
			path = ../../AFAmazonS3Client;
			sourceTree = "<group>";
		};
		8FCE5FB6168862D400051EB0 /* AFNetworking */ = {
			isa = PBXGroup;
			children = (
				8FCE5FB7168862D400051EB0 /* AFHTTPClient.h */,
				8FCE5FB8168862D500051EB0 /* AFHTTPClient.m */,
				8FCE5FB9168862D500051EB0 /* AFHTTPRequestOperation.h */,
				8FCE5FBA168862D500051EB0 /* AFHTTPRequestOperation.m */,
				8FCE5FBB168862D500051EB0 /* AFImageRequestOperation.h */,
				8FCE5FBC168862D500051EB0 /* AFImageRequestOperation.m */,
				8FCE5FBD168862D500051EB0 /* AFJSONRequestOperation.h */,
				8FCE5FBE168862D500051EB0 /* AFJSONRequestOperation.m */,
				8FCE5FBF168862D500051EB0 /* AFNetworkActivityIndicatorManager.h */,
				8FCE5FC0168862D500051EB0 /* AFNetworkActivityIndicatorManager.m */,
				8FCE5FC1168862D500051EB0 /* AFNetworking.h */,
				8FCE5FC2168862D500051EB0 /* AFPropertyListRequestOperation.h */,
				8FCE5FC3168862D500051EB0 /* AFPropertyListRequestOperation.m */,
				8FCE5FC4168862D500051EB0 /* AFURLConnectionOperation.h */,
				8FCE5FC5168862D500051EB0 /* AFURLConnectionOperation.m */,
				8FCE5FC6168862D500051EB0 /* AFXMLRequestOperation.h */,
				8FCE5FC7168862D500051EB0 /* AFXMLRequestOperation.m */,
				8FCE5FC8168862D500051EB0 /* UIImageView+AFNetworking.h */,
				8FCE5FC9168862D500051EB0 /* UIImageView+AFNetworking.m */,
			);
			name = AFNetworking;
			path = ../../AFNetworking/AFNetworking;
			sourceTree = "<group>";
		};
		8FE72F21166F586200B82831 = {
			isa = PBXGroup;
			children = (
				8F6D607A167371580082E047 /* Icon@2x.png */,
				8FE72F36166F586200B82831 /* AllieCam */,
				8FE72F2F166F586200B82831 /* Frameworks */,
				8FE72F2D166F586200B82831 /* Products */,
			);
			sourceTree = "<group>";
		};
		8FE72F2D166F586200B82831 /* Products */ = {
			isa = PBXGroup;
			children = (
				8FE72F2C166F586200B82831 /* AllieCam.app */,
			);
			name = Products;
			sourceTree = "<group>";
		};
		8FE72F2F166F586200B82831 /* Frameworks */ = {
			isa = PBXGroup;
			children = (
				8F6D607C1673741D0082E047 /* CoreLocation.framework */,
				8F88CF57166FE8910074721C /* MessageUI.framework */,
				8F88CF55166FE8710074721C /* QuartzCore.framework */,
				8F88CF53166FE83D0074721C /* AssetsLibrary.framework */,
				8FE72F59166F588300B82831 /* AWSiOSSDK.framework */,
				8FE72F30166F586200B82831 /* UIKit.framework */,
				8FE72F32166F586200B82831 /* Foundation.framework */,
				8FE72F34166F586200B82831 /* CoreGraphics.framework */,
			);
			name = Frameworks;
			sourceTree = "<group>";
		};
		8FE72F36166F586200B82831 /* AllieCam */ = {
			isa = PBXGroup;
			children = (
				8F8E64C91693A8800004F1CC /* AFAmazonS3Client */,
				8FCE5FB6168862D400051EB0 /* AFNetworking */,
				8F6D60731672FE3F0082E047 /* EGO */,
				8F6D60671672FE370082E047 /* UIAlertView-Blocks-master */,
				8FE2F8521676A0E30012DBFB /* AllieCam.h */,
				8FE72F3F166F586200B82831 /* ACAppDelegate.h */,
				8FE72F40166F586200B82831 /* ACAppDelegate.m */,
				8F8E64DC169512750004F1CC /* ACRootViewController.h */,
				8F8E64DD169512750004F1CC /* ACRootViewController.m */,
				8F8E64D91694F8D90004F1CC /* ACAlbumSelectorViewController.h */,
				8F8E64DA1694F8D90004F1CC /* ACAlbumSelectorViewController.m */,
				8FE72F48166F586200B82831 /* ACAlbumViewController.h */,
				8FE72F49166F586200B82831 /* ACAlbumViewController.m */,
				8FE72F4E166F586300B82831 /* ACAlbumViewController.xib */,
				8F133BF61670F4B400097E46 /* AlbumContentsTableViewCell.h */,
				8F133BF71670F4B400097E46 /* AlbumContentsTableViewCell.m */,
				8F133BF81670F4B400097E46 /* AlbumContentsTableViewCell.xib */,
				8F133BFB1670F4D400097E46 /* ThumbnailImageView.h */,
				8F133BFC1670F4D400097E46 /* ThumbnailImageView.m */,
				8FE72F5D166F591400B82831 /* UIImage+fixOrientation.h */,
				8FE72F5E166F591400B82831 /* UIImage+fixOrientation.m */,
				8FDCF902168A9A8700D90BEB /* ACAlbum.h */,
				8F8E64D8169417E10004F1CC /* ACPhoto.h */,
				8F8E64D4169400B30004F1CC /* ACPhotoManager.h */,
				8F8E64D5169404A40004F1CC /* ACLocalPhotoManager.h */,
				8F8E64D6169404A40004F1CC /* ACLocalPhotoManager.m */,
				8FDCF903168A9A8700D90BEB /* ACLocalAlbum.h */,
				8FDCF904168A9A8700D90BEB /* ACLocalAlbum.m */,
				8FDCF90B168A9EF400D90BEB /* ACLocalPhoto.h */,
				8FDCF90C168A9EF400D90BEB /* ACLocalPhoto.m */,
				8F8E64DF169518700004F1CC /* ACAlliecamPhotoManager.h */,
				8F8E64E0169518700004F1CC /* ACAlliecamPhotoManager.m */,
				8F8E64E6169528AF0004F1CC /* ACAlliecamAlbum.h */,
				8F8E64E7169528AF0004F1CC /* ACAlliecamAlbum.m */,
				8F8E64E9169528C30004F1CC /* ACAlliecamPhoto.h */,
				8F8E64EA169528C40004F1CC /* ACAlliecamPhoto.m */,
				8FE2F84C167686E30012DBFB /* ACLabelledProgressViewController.h */,
				8FE2F84D167686E30012DBFB /* ACLabelledProgressViewController.m */,
				8FE2F84E167686E30012DBFB /* ACLabelledProgressViewController.xib */,
				8FE72F37166F586200B82831 /* Supporting Files */,
			);
			path = AllieCam;
			sourceTree = "<group>";
		};
		8FE72F37166F586200B82831 /* Supporting Files */ = {
			isa = PBXGroup;
			children = (
				8F6D60631672A0360082E047 /* Overlay.png */,
				8F6D60641672A0360082E047 /* Overlay@2x.png */,
				8FE72F38166F586200B82831 /* AllieCam-Info.plist */,
				8FE72F39166F586200B82831 /* InfoPlist.strings */,
				8FE72F3C166F586200B82831 /* main.m */,
				8FE72F3E166F586200B82831 /* AllieCam-Prefix.pch */,
				8FE72F42166F586200B82831 /* Default.png */,
				8FE72F5B166F58BA00B82831 /* Default@2x.png */,
				8FE72F46166F586200B82831 /* Default-568h@2x.png */,
			);
			name = "Supporting Files";
			sourceTree = "<group>";
		};
/* End PBXGroup section */

/* Begin PBXNativeTarget section */
		8FE72F2B166F586200B82831 /* AllieCam */ = {
			isa = PBXNativeTarget;
			buildConfigurationList = 8FE72F56166F586300B82831 /* Build configuration list for PBXNativeTarget "AllieCam" */;
			buildPhases = (
				8FE72F28166F586200B82831 /* Sources */,
				8FE72F29166F586200B82831 /* Frameworks */,
				8FE72F2A166F586200B82831 /* Resources */,
			);
			buildRules = (
			);
			dependencies = (
			);
			name = AllieCam;
			productName = AllieCam;
			productReference = 8FE72F2C166F586200B82831 /* AllieCam.app */;
			productType = "com.apple.product-type.application";
		};
/* End PBXNativeTarget section */

/* Begin PBXProject section */
		8FE72F23166F586200B82831 /* Project object */ = {
			isa = PBXProject;
			attributes = {
				CLASSPREFIX = AC;
				LastUpgradeCheck = 0450;
				ORGANIZATIONNAME = "Mark Blackwell";
			};
			buildConfigurationList = 8FE72F26166F586200B82831 /* Build configuration list for PBXProject "AllieCam" */;
			compatibilityVersion = "Xcode 3.2";
			developmentRegion = English;
			hasScannedForEncodings = 0;
			knownRegions = (
				en,
			);
			mainGroup = 8FE72F21166F586200B82831;
			productRefGroup = 8FE72F2D166F586200B82831 /* Products */;
			projectDirPath = "";
			projectRoot = "";
			targets = (
				8FE72F2B166F586200B82831 /* AllieCam */,
			);
		};
/* End PBXProject section */

/* Begin PBXResourcesBuildPhase section */
		8FE72F2A166F586200B82831 /* Resources */ = {
			isa = PBXResourcesBuildPhase;
			buildActionMask = 2147483647;
			files = (
				8FE72F3B166F586200B82831 /* InfoPlist.strings in Resources */,
				8FE72F43166F586200B82831 /* Default.png in Resources */,
				8FE72F47166F586200B82831 /* Default-568h@2x.png in Resources */,
				8FE72F50166F586300B82831 /* ACAlbumViewController.xib in Resources */,
				8FE72F5C166F58BA00B82831 /* Default@2x.png in Resources */,
				8F88CF3A166FE7EC0074721C /* egopv_error_placeholder.png in Resources */,
				8F88CF3B166FE7EC0074721C /* egopv_error_placeholder@2x.png in Resources */,
				8F88CF3C166FE7EC0074721C /* egopv_fullscreen_button.png in Resources */,
				8F88CF3D166FE7EC0074721C /* egopv_fullscreen_button@2x.png in Resources */,
				8F88CF3E166FE7EC0074721C /* egopv_left.png in Resources */,
				8F88CF3F166FE7EC0074721C /* egopv_left@2x.png in Resources */,
				8F88CF40166FE7EC0074721C /* egopv_minimize_fullscreen_button.png in Resources */,
				8F88CF41166FE7EC0074721C /* egopv_photo_placeholder.png in Resources */,
				8F88CF42166FE7EC0074721C /* egopv_photo_placeholder@2x.png in Resources */,
				8F88CF43166FE7EC0074721C /* egopv_right.png in Resources */,
				8F88CF44166FE7EC0074721C /* egopv_right@2x.png in Resources */,
				8F133BFA1670F4B500097E46 /* AlbumContentsTableViewCell.xib in Resources */,
				8F6D60651672A0360082E047 /* Overlay.png in Resources */,
				8F6D60661672A0360082E047 /* Overlay@2x.png in Resources */,
				8F6D606F1672FE370082E047 /* README.md in Resources */,
				8F6D607B167371590082E047 /* Icon@2x.png in Resources */,
				8FE2F850167686E30012DBFB /* ACLabelledProgressViewController.xib in Resources */,
				8F8E64CF1693A8800004F1CC /* LICENSE in Resources */,
				8F8E64D01693A8800004F1CC /* README.md in Resources */,
			);
			runOnlyForDeploymentPostprocessing = 0;
		};
/* End PBXResourcesBuildPhase section */

/* Begin PBXSourcesBuildPhase section */
		8FE72F28166F586200B82831 /* Sources */ = {
			isa = PBXSourcesBuildPhase;
			buildActionMask = 2147483647;
			files = (
				8FE72F3D166F586200B82831 /* main.m in Sources */,
				8FE72F41166F586200B82831 /* ACAppDelegate.m in Sources */,
				8FE72F4A166F586200B82831 /* ACAlbumViewController.m in Sources */,
				8F88CF37166FE7EC0074721C /* EGOPhotoViewController.m in Sources */,
				8F88CF38166FE7EC0074721C /* EGOQuickPhoto.m in Sources */,
				8F88CF39166FE7EC0074721C /* EGOQuickPhotoSource.m in Sources */,
				8F88CF45166FE7EC0074721C /* EGOPhotoCaptionView.m in Sources */,
				8F88CF46166FE7EC0074721C /* EGOPhotoImageView.m in Sources */,
				8F88CF47166FE7EC0074721C /* EGOPhotoScrollView.m in Sources */,
				8F88CF50166FE80B0074721C /* EGOCache.m in Sources */,
				8F88CF51166FE80B0074721C /* EGOImageLoadConnection.m in Sources */,
				8F88CF52166FE80B0074721C /* EGOImageLoader.m in Sources */,
				8F133BF91670F4B500097E46 /* AlbumContentsTableViewCell.m in Sources */,
				8F133BFD1670F4D400097E46 /* ThumbnailImageView.m in Sources */,
				8F6D60701672FE370082E047 /* RIButtonItem.m in Sources */,
				8F6D60711672FE370082E047 /* UIActionSheet+Blocks.m in Sources */,
				8F6D60721672FE370082E047 /* UIAlertView+Blocks.m in Sources */,
				8FE2F84F167686E30012DBFB /* ACLabelledProgressViewController.m in Sources */,
				8FCE5FCA168862D500051EB0 /* AFHTTPClient.m in Sources */,
				8FCE5FCB168862D500051EB0 /* AFHTTPRequestOperation.m in Sources */,
				8FCE5FCC168862D500051EB0 /* AFImageRequestOperation.m in Sources */,
				8FCE5FCD168862D500051EB0 /* AFJSONRequestOperation.m in Sources */,
				8FCE5FCE168862D500051EB0 /* AFNetworkActivityIndicatorManager.m in Sources */,
				8FCE5FCF168862D500051EB0 /* AFPropertyListRequestOperation.m in Sources */,
				8FCE5FD0168862D500051EB0 /* AFURLConnectionOperation.m in Sources */,
				8FCE5FD1168862D500051EB0 /* AFXMLRequestOperation.m in Sources */,
				8FCE5FD2168862D500051EB0 /* UIImageView+AFNetworking.m in Sources */,
				8FDCF908168A9A8700D90BEB /* ACLocalAlbum.m in Sources */,
				8FDCF90D168A9EF400D90BEB /* ACLocalPhoto.m in Sources */,
				8F8E64CE1693A8800004F1CC /* AFAmazonS3Client.m in Sources */,
				8F8E64D7169404A40004F1CC /* ACLocalPhotoManager.m in Sources */,
				8F8E64DB1694F8DA0004F1CC /* ACAlbumSelectorViewController.m in Sources */,
				8F8E64DE169512760004F1CC /* ACRootViewController.m in Sources */,
				8F8E64E1169518710004F1CC /* ACAlliecamPhotoManager.m in Sources */,
				8F8E64E8169528B00004F1CC /* ACAlliecamAlbum.m in Sources */,
				8F8E64EB169528C40004F1CC /* ACAlliecamPhoto.m in Sources */,
			);
			runOnlyForDeploymentPostprocessing = 0;
		};
/* End PBXSourcesBuildPhase section */

/* Begin PBXVariantGroup section */
		8FE72F39166F586200B82831 /* InfoPlist.strings */ = {
			isa = PBXVariantGroup;
			children = (
				8FE72F3A166F586200B82831 /* en */,
			);
			name = InfoPlist.strings;
			sourceTree = "<group>";
		};
		8FE72F4E166F586300B82831 /* ACAlbumViewController.xib */ = {
			isa = PBXVariantGroup;
			children = (
				8FE72F4F166F586300B82831 /* en */,
			);
			name = ACAlbumViewController.xib;
			sourceTree = "<group>";
		};
/* End PBXVariantGroup section */

/* Begin XCBuildConfiguration section */
		8FE72F54166F586300B82831 /* Debug */ = {
			isa = XCBuildConfiguration;
			buildSettings = {
				ALWAYS_SEARCH_USER_PATHS = NO;
				CLANG_CXX_LANGUAGE_STANDARD = "gnu++0x";
				CLANG_CXX_LIBRARY = "libc++";
				CLANG_WARN_EMPTY_BODY = YES;
				CLANG_WARN__DUPLICATE_METHOD_MATCH = YES;
				"CODE_SIGN_IDENTITY[sdk=iphoneos*]" = "iPhone Developer";
				COPY_PHASE_STRIP = NO;
				GCC_C_LANGUAGE_STANDARD = gnu99;
				GCC_DYNAMIC_NO_PIC = NO;
				GCC_OPTIMIZATION_LEVEL = 0;
				GCC_PREPROCESSOR_DEFINITIONS = (
					"DEBUG=1",
					"$(inherited)",
				);
				GCC_SYMBOLS_PRIVATE_EXTERN = NO;
				GCC_WARN_ABOUT_RETURN_TYPE = YES;
				GCC_WARN_UNINITIALIZED_AUTOS = YES;
				GCC_WARN_UNUSED_VARIABLE = YES;
				IPHONEOS_DEPLOYMENT_TARGET = 5.1;
				ONLY_ACTIVE_ARCH = YES;
				SDKROOT = iphoneos;
			};
			name = Debug;
		};
		8FE72F55166F586300B82831 /* Release */ = {
			isa = XCBuildConfiguration;
			buildSettings = {
				ALWAYS_SEARCH_USER_PATHS = NO;
				CLANG_CXX_LANGUAGE_STANDARD = "gnu++0x";
				CLANG_CXX_LIBRARY = "libc++";
				CLANG_WARN_EMPTY_BODY = YES;
				CLANG_WARN__DUPLICATE_METHOD_MATCH = YES;
				"CODE_SIGN_IDENTITY[sdk=iphoneos*]" = "iPhone Developer";
				COPY_PHASE_STRIP = YES;
				GCC_C_LANGUAGE_STANDARD = gnu99;
				GCC_WARN_ABOUT_RETURN_TYPE = YES;
				GCC_WARN_UNINITIALIZED_AUTOS = YES;
				GCC_WARN_UNUSED_VARIABLE = YES;
				IPHONEOS_DEPLOYMENT_TARGET = 5.1;
				OTHER_CFLAGS = "-DNS_BLOCK_ASSERTIONS=1";
				SDKROOT = iphoneos;
				VALIDATE_PRODUCT = YES;
			};
			name = Release;
		};
		8FE72F57166F586300B82831 /* Debug */ = {
			isa = XCBuildConfiguration;
			buildSettings = {
				FRAMEWORK_SEARCH_PATHS = (
					"$(inherited)",
					"\"$(SRCROOT)/../aws-ios-sdk-1.4.4\"",
				);
				GCC_PRECOMPILE_PREFIX_HEADER = YES;
				GCC_PREFIX_HEADER = "AllieCam/AllieCam-Prefix.pch";
				INFOPLIST_FILE = "AllieCam/AllieCam-Info.plist";
				IPHONEOS_DEPLOYMENT_TARGET = 5.1;
				PRODUCT_NAME = "$(TARGET_NAME)";
				WRAPPER_EXTENSION = app;
			};
			name = Debug;
		};
		8FE72F58166F586300B82831 /* Release */ = {
			isa = XCBuildConfiguration;
			buildSettings = {
				FRAMEWORK_SEARCH_PATHS = (
					"$(inherited)",
					"\"$(SRCROOT)/../aws-ios-sdk-1.4.4\"",
				);
				GCC_PRECOMPILE_PREFIX_HEADER = YES;
				GCC_PREFIX_HEADER = "AllieCam/AllieCam-Prefix.pch";
				INFOPLIST_FILE = "AllieCam/AllieCam-Info.plist";
				IPHONEOS_DEPLOYMENT_TARGET = 5.1;
				PRODUCT_NAME = "$(TARGET_NAME)";
				WRAPPER_EXTENSION = app;
			};
			name = Release;
		};
/* End XCBuildConfiguration section */

/* Begin XCConfigurationList section */
		8FE72F26166F586200B82831 /* Build configuration list for PBXProject "AllieCam" */ = {
			isa = XCConfigurationList;
			buildConfigurations = (
				8FE72F54166F586300B82831 /* Debug */,
				8FE72F55166F586300B82831 /* Release */,
			);
			defaultConfigurationIsVisible = 0;
			defaultConfigurationName = Release;
		};
		8FE72F56166F586300B82831 /* Build configuration list for PBXNativeTarget "AllieCam" */ = {
			isa = XCConfigurationList;
			buildConfigurations = (
				8FE72F57166F586300B82831 /* Debug */,
				8FE72F58166F586300B82831 /* Release */,
			);
			defaultConfigurationIsVisible = 0;
			defaultConfigurationName = Release;
		};
/* End XCConfigurationList section */
	};
	rootObject = 8FE72F23166F586200B82831 /* Project object */;
}
