// !$*UTF8*$!
{
	archiveVersion = 1;
	classes = {
	};
	objectVersion = 46;
	objects = {

/* Begin PBXBuildFile section */
		8F258C62165343100091A6D2 /* UIKit.framework in Frameworks */ = {isa = PBXBuildFile; fileRef = 8F258C61165343100091A6D2 /* UIKit.framework */; };
		8F258C64165343100091A6D2 /* Foundation.framework in Frameworks */ = {isa = PBXBuildFile; fileRef = 8F258C63165343100091A6D2 /* Foundation.framework */; };
		8F258C66165343100091A6D2 /* CoreGraphics.framework in Frameworks */ = {isa = PBXBuildFile; fileRef = 8F258C65165343100091A6D2 /* CoreGraphics.framework */; };
		8F258C6C165343100091A6D2 /* InfoPlist.strings in Resources */ = {isa = PBXBuildFile; fileRef = 8F258C6A165343100091A6D2 /* InfoPlist.strings */; };
		8F258C6E165343110091A6D2 /* main.m in Sources */ = {isa = PBXBuildFile; fileRef = 8F258C6D165343100091A6D2 /* main.m */; };
		8F258C72165343110091A6D2 /* ACAppDelegate.m in Sources */ = {isa = PBXBuildFile; fileRef = 8F258C71165343110091A6D2 /* ACAppDelegate.m */; };
		8F258C75165343110091A6D2 /* ACMainViewController.m in Sources */ = {isa = PBXBuildFile; fileRef = 8F258C74165343110091A6D2 /* ACMainViewController.m */; };
		8F258C78165343110091A6D2 /* ACFlipsideViewController.m in Sources */ = {isa = PBXBuildFile; fileRef = 8F258C77165343110091A6D2 /* ACFlipsideViewController.m */; };
		8F258C7B165343110091A6D2 /* ACMainViewController.xib in Resources */ = {isa = PBXBuildFile; fileRef = 8F258C79165343110091A6D2 /* ACMainViewController.xib */; };
		8F258C7E165343110091A6D2 /* ACFlipsideViewController.xib in Resources */ = {isa = PBXBuildFile; fileRef = 8F258C7C165343110091A6D2 /* ACFlipsideViewController.xib */; };
		8F6CBD7E16534989009CF822 /* Reachability.m in Sources */ = {isa = PBXBuildFile; fileRef = 8F6CBD7D16534989009CF822 /* Reachability.m */; };
		8F6CBD82165349EB009CF822 /* ACImagePickerDelegate.m in Sources */ = {isa = PBXBuildFile; fileRef = 8F6CBD81165349EB009CF822 /* ACImagePickerDelegate.m */; };
/* End PBXBuildFile section */

/* Begin PBXFileReference section */
		8F258C5D165343100091A6D2 /* AllieCam.app */ = {isa = PBXFileReference; explicitFileType = wrapper.application; includeInIndex = 0; path = AllieCam.app; sourceTree = BUILT_PRODUCTS_DIR; };
		8F258C61165343100091A6D2 /* UIKit.framework */ = {isa = PBXFileReference; lastKnownFileType = wrapper.framework; name = UIKit.framework; path = System/Library/Frameworks/UIKit.framework; sourceTree = SDKROOT; };
		8F258C63165343100091A6D2 /* Foundation.framework */ = {isa = PBXFileReference; lastKnownFileType = wrapper.framework; name = Foundation.framework; path = System/Library/Frameworks/Foundation.framework; sourceTree = SDKROOT; };
		8F258C65165343100091A6D2 /* CoreGraphics.framework */ = {isa = PBXFileReference; lastKnownFileType = wrapper.framework; name = CoreGraphics.framework; path = System/Library/Frameworks/CoreGraphics.framework; sourceTree = SDKROOT; };
		8F258C69165343100091A6D2 /* AllieCam-Info.plist */ = {isa = PBXFileReference; lastKnownFileType = text.plist.xml; path = "AllieCam-Info.plist"; sourceTree = "<group>"; };
		8F258C6B165343100091A6D2 /* en */ = {isa = PBXFileReference; lastKnownFileType = text.plist.strings; name = en; path = en.lproj/InfoPlist.strings; sourceTree = "<group>"; };
		8F258C6D165343100091A6D2 /* main.m */ = {isa = PBXFileReference; lastKnownFileType = sourcecode.c.objc; path = main.m; sourceTree = "<group>"; };
		8F258C6F165343110091A6D2 /* AllieCam-Prefix.pch */ = {isa = PBXFileReference; lastKnownFileType = sourcecode.c.h; path = "AllieCam-Prefix.pch"; sourceTree = "<group>"; };
		8F258C70165343110091A6D2 /* ACAppDelegate.h */ = {isa = PBXFileReference; lastKnownFileType = sourcecode.c.h; path = ACAppDelegate.h; sourceTree = "<group>"; };
		8F258C71165343110091A6D2 /* ACAppDelegate.m */ = {isa = PBXFileReference; lastKnownFileType = sourcecode.c.objc; path = ACAppDelegate.m; sourceTree = "<group>"; };
		8F258C73165343110091A6D2 /* ACMainViewController.h */ = {isa = PBXFileReference; lastKnownFileType = sourcecode.c.h; path = ACMainViewController.h; sourceTree = "<group>"; };
		8F258C74165343110091A6D2 /* ACMainViewController.m */ = {isa = PBXFileReference; lastKnownFileType = sourcecode.c.objc; path = ACMainViewController.m; sourceTree = "<group>"; };
		8F258C76165343110091A6D2 /* ACFlipsideViewController.h */ = {isa = PBXFileReference; lastKnownFileType = sourcecode.c.h; path = ACFlipsideViewController.h; sourceTree = "<group>"; };
		8F258C77165343110091A6D2 /* ACFlipsideViewController.m */ = {isa = PBXFileReference; lastKnownFileType = sourcecode.c.objc; path = ACFlipsideViewController.m; sourceTree = "<group>"; };
		8F258C7A165343110091A6D2 /* en */ = {isa = PBXFileReference; lastKnownFileType = file.xib; name = en; path = en.lproj/ACMainViewController.xib; sourceTree = "<group>"; };
		8F258C7D165343110091A6D2 /* en */ = {isa = PBXFileReference; lastKnownFileType = file.xib; name = en; path = en.lproj/ACFlipsideViewController.xib; sourceTree = "<group>"; };
		8F6CBD7C16534989009CF822 /* Reachability.h */ = {isa = PBXFileReference; fileEncoding = 4; lastKnownFileType = sourcecode.c.h; path = Reachability.h; sourceTree = "<group>"; };
		8F6CBD7D16534989009CF822 /* Reachability.m */ = {isa = PBXFileReference; fileEncoding = 4; lastKnownFileType = sourcecode.c.objc; path = Reachability.m; sourceTree = "<group>"; };
		8F6CBD80165349EB009CF822 /* ACImagePickerDelegate.h */ = {isa = PBXFileReference; fileEncoding = 4; lastKnownFileType = sourcecode.c.h; path = ACImagePickerDelegate.h; sourceTree = "<group>"; };
		8F6CBD81165349EB009CF822 /* ACImagePickerDelegate.m */ = {isa = PBXFileReference; fileEncoding = 4; lastKnownFileType = sourcecode.c.objc; path = ACImagePickerDelegate.m; sourceTree = "<group>"; };
/* End PBXFileReference section */

/* Begin PBXFrameworksBuildPhase section */
		8F258C5A165343100091A6D2 /* Frameworks */ = {
			isa = PBXFrameworksBuildPhase;
			buildActionMask = 2147483647;
			files = (
				8F258C62165343100091A6D2 /* UIKit.framework in Frameworks */,
				8F258C64165343100091A6D2 /* Foundation.framework in Frameworks */,
				8F258C66165343100091A6D2 /* CoreGraphics.framework in Frameworks */,
			);
			runOnlyForDeploymentPostprocessing = 0;
		};
/* End PBXFrameworksBuildPhase section */

/* Begin PBXGroup section */
		8F258C52165343100091A6D2 = {
			isa = PBXGroup;
			children = (
				8F258C67165343100091A6D2 /* AllieCam */,
				8F258C60165343100091A6D2 /* Frameworks */,
				8F258C5E165343100091A6D2 /* Products */,
			);
			sourceTree = "<group>";
		};
		8F258C5E165343100091A6D2 /* Products */ = {
			isa = PBXGroup;
			children = (
				8F258C5D165343100091A6D2 /* AllieCam.app */,
			);
			name = Products;
			sourceTree = "<group>";
		};
		8F258C60165343100091A6D2 /* Frameworks */ = {
			isa = PBXGroup;
			children = (
				8F258C61165343100091A6D2 /* UIKit.framework */,
				8F258C63165343100091A6D2 /* Foundation.framework */,
				8F258C65165343100091A6D2 /* CoreGraphics.framework */,
			);
			name = Frameworks;
			sourceTree = "<group>";
		};
		8F258C67165343100091A6D2 /* AllieCam */ = {
			isa = PBXGroup;
			children = (
				8F6CBD7C16534989009CF822 /* Reachability.h */,
				8F6CBD7D16534989009CF822 /* Reachability.m */,
				8F258C70165343110091A6D2 /* ACAppDelegate.h */,
				8F258C71165343110091A6D2 /* ACAppDelegate.m */,
				8F258C73165343110091A6D2 /* ACMainViewController.h */,
				8F258C74165343110091A6D2 /* ACMainViewController.m */,
				8F258C76165343110091A6D2 /* ACFlipsideViewController.h */,
				8F258C77165343110091A6D2 /* ACFlipsideViewController.m */,
				8F258C79165343110091A6D2 /* ACMainViewController.xib */,
				8F258C7C165343110091A6D2 /* ACFlipsideViewController.xib */,
				8F258C68165343100091A6D2 /* Supporting Files */,
				8F6CBD80165349EB009CF822 /* ACImagePickerDelegate.h */,
				8F6CBD81165349EB009CF822 /* ACImagePickerDelegate.m */,
			);
			path = AllieCam;
			sourceTree = "<group>";
		};
		8F258C68165343100091A6D2 /* Supporting Files */ = {
			isa = PBXGroup;
			children = (
				8F258C69165343100091A6D2 /* AllieCam-Info.plist */,
				8F258C6A165343100091A6D2 /* InfoPlist.strings */,
				8F258C6D165343100091A6D2 /* main.m */,
				8F258C6F165343110091A6D2 /* AllieCam-Prefix.pch */,
			);
			name = "Supporting Files";
			sourceTree = "<group>";
		};
/* End PBXGroup section */

/* Begin PBXNativeTarget section */
		8F258C5C165343100091A6D2 /* AllieCam */ = {
			isa = PBXNativeTarget;
			buildConfigurationList = 8F258C81165343110091A6D2 /* Build configuration list for PBXNativeTarget "AllieCam" */;
			buildPhases = (
				8F258C59165343100091A6D2 /* Sources */,
				8F258C5A165343100091A6D2 /* Frameworks */,
				8F258C5B165343100091A6D2 /* Resources */,
			);
			buildRules = (
			);
			dependencies = (
			);
			name = AllieCam;
			productName = AllieCam;
			productReference = 8F258C5D165343100091A6D2 /* AllieCam.app */;
			productType = "com.apple.product-type.application";
		};
/* End PBXNativeTarget section */

/* Begin PBXProject section */
		8F258C54165343100091A6D2 /* Project object */ = {
			isa = PBXProject;
			attributes = {
				LastUpgradeCheck = 0420;
			};
			buildConfigurationList = 8F258C57165343100091A6D2 /* Build configuration list for PBXProject "AllieCam" */;
			compatibilityVersion = "Xcode 3.2";
			developmentRegion = English;
			hasScannedForEncodings = 0;
			knownRegions = (
				en,
			);
			mainGroup = 8F258C52165343100091A6D2;
			productRefGroup = 8F258C5E165343100091A6D2 /* Products */;
			projectDirPath = "";
			projectRoot = "";
			targets = (
				8F258C5C165343100091A6D2 /* AllieCam */,
			);
		};
/* End PBXProject section */

/* Begin PBXResourcesBuildPhase section */
		8F258C5B165343100091A6D2 /* Resources */ = {
			isa = PBXResourcesBuildPhase;
			buildActionMask = 2147483647;
			files = (
				8F258C6C165343100091A6D2 /* InfoPlist.strings in Resources */,
				8F258C7B165343110091A6D2 /* ACMainViewController.xib in Resources */,
				8F258C7E165343110091A6D2 /* ACFlipsideViewController.xib in Resources */,
			);
			runOnlyForDeploymentPostprocessing = 0;
		};
/* End PBXResourcesBuildPhase section */

/* Begin PBXSourcesBuildPhase section */
		8F258C59165343100091A6D2 /* Sources */ = {
			isa = PBXSourcesBuildPhase;
			buildActionMask = 2147483647;
			files = (
				8F258C6E165343110091A6D2 /* main.m in Sources */,
				8F258C72165343110091A6D2 /* ACAppDelegate.m in Sources */,
				8F258C75165343110091A6D2 /* ACMainViewController.m in Sources */,
				8F258C78165343110091A6D2 /* ACFlipsideViewController.m in Sources */,
				8F6CBD7E16534989009CF822 /* Reachability.m in Sources */,
				8F6CBD82165349EB009CF822 /* ACImagePickerDelegate.m in Sources */,
			);
			runOnlyForDeploymentPostprocessing = 0;
		};
/* End PBXSourcesBuildPhase section */

/* Begin PBXVariantGroup section */
		8F258C6A165343100091A6D2 /* InfoPlist.strings */ = {
			isa = PBXVariantGroup;
			children = (
				8F258C6B165343100091A6D2 /* en */,
			);
			name = InfoPlist.strings;
			sourceTree = "<group>";
		};
		8F258C79165343110091A6D2 /* ACMainViewController.xib */ = {
			isa = PBXVariantGroup;
			children = (
				8F258C7A165343110091A6D2 /* en */,
			);
			name = ACMainViewController.xib;
			sourceTree = "<group>";
		};
		8F258C7C165343110091A6D2 /* ACFlipsideViewController.xib */ = {
			isa = PBXVariantGroup;
			children = (
				8F258C7D165343110091A6D2 /* en */,
			);
			name = ACFlipsideViewController.xib;
			sourceTree = "<group>";
		};
/* End PBXVariantGroup section */

/* Begin XCBuildConfiguration section */
		8F258C7F165343110091A6D2 /* Debug */ = {
			isa = XCBuildConfiguration;
			buildSettings = {
				ALWAYS_SEARCH_USER_PATHS = NO;
				ARCHS = "$(ARCHS_STANDARD_32_BIT)";
				"CODE_SIGN_IDENTITY[sdk=iphoneos*]" = "iPhone Developer";
				COPY_PHASE_STRIP = NO;
				GCC_C_LANGUAGE_STANDARD = gnu99;
				GCC_DYNAMIC_NO_PIC = NO;
				GCC_OPTIMIZATION_LEVEL = 0;
				GCC_PREPROCESSOR_DEFINITIONS = (
					"DEBUG=1",
					"$(inherited)",
				);
				GCC_SYMBOLS_PRIVATE_EXTERN = NO;
				GCC_VERSION = com.apple.compilers.llvm.clang.1_0;
				GCC_WARN_ABOUT_MISSING_PROTOTYPES = YES;
				GCC_WARN_ABOUT_RETURN_TYPE = YES;
				GCC_WARN_UNUSED_VARIABLE = YES;
				IPHONEOS_DEPLOYMENT_TARGET = 5.0;
				SDKROOT = iphoneos;
			};
			name = Debug;
		};
		8F258C80165343110091A6D2 /* Release */ = {
			isa = XCBuildConfiguration;
			buildSettings = {
				ALWAYS_SEARCH_USER_PATHS = NO;
				ARCHS = "$(ARCHS_STANDARD_32_BIT)";
				"CODE_SIGN_IDENTITY[sdk=iphoneos*]" = "iPhone Developer";
				COPY_PHASE_STRIP = YES;
				GCC_C_LANGUAGE_STANDARD = gnu99;
				GCC_VERSION = com.apple.compilers.llvm.clang.1_0;
				GCC_WARN_ABOUT_MISSING_PROTOTYPES = YES;
				GCC_WARN_ABOUT_RETURN_TYPE = YES;
				GCC_WARN_UNUSED_VARIABLE = YES;
				IPHONEOS_DEPLOYMENT_TARGET = 5.0;
				OTHER_CFLAGS = "-DNS_BLOCK_ASSERTIONS=1";
				SDKROOT = iphoneos;
				VALIDATE_PRODUCT = YES;
			};
			name = Release;
		};
		8F258C82165343110091A6D2 /* Debug */ = {
			isa = XCBuildConfiguration;
			buildSettings = {
				GCC_PRECOMPILE_PREFIX_HEADER = YES;
				GCC_PREFIX_HEADER = "AllieCam/AllieCam-Prefix.pch";
				INFOPLIST_FILE = "AllieCam/AllieCam-Info.plist";
				PRODUCT_NAME = "$(TARGET_NAME)";
				WRAPPER_EXTENSION = app;
			};
			name = Debug;
		};
		8F258C83165343110091A6D2 /* Release */ = {
			isa = XCBuildConfiguration;
			buildSettings = {
				GCC_PRECOMPILE_PREFIX_HEADER = YES;
				GCC_PREFIX_HEADER = "AllieCam/AllieCam-Prefix.pch";
				INFOPLIST_FILE = "AllieCam/AllieCam-Info.plist";
				PRODUCT_NAME = "$(TARGET_NAME)";
				WRAPPER_EXTENSION = app;
			};
			name = Release;
		};
/* End XCBuildConfiguration section */

/* Begin XCConfigurationList section */
		8F258C57165343100091A6D2 /* Build configuration list for PBXProject "AllieCam" */ = {
			isa = XCConfigurationList;
			buildConfigurations = (
				8F258C7F165343110091A6D2 /* Debug */,
				8F258C80165343110091A6D2 /* Release */,
			);
			defaultConfigurationIsVisible = 0;
			defaultConfigurationName = Release;
		};
		8F258C81165343110091A6D2 /* Build configuration list for PBXNativeTarget "AllieCam" */ = {
			isa = XCConfigurationList;
			buildConfigurations = (
				8F258C82165343110091A6D2 /* Debug */,
				8F258C83165343110091A6D2 /* Release */,
			);
			defaultConfigurationIsVisible = 0;
			defaultConfigurationName = Release;
		};
/* End XCConfigurationList section */
	};
	rootObject = 8F258C54165343100091A6D2 /* Project object */;
}
